// !$*UTF8*$!
{
	archiveVersion = 1;
	classes = {
	};
	objectVersion = 50;
	objects = {

/* Begin PBXBuildFile section */
		8E01D8C526E1DD290044724E /* AppDelegate.swift in Sources */ = {isa = PBXBuildFile; fileRef = 8E01D8C426E1DD290044724E /* AppDelegate.swift */; };
		8E01D8C726E1DD290044724E /* SceneDelegate.swift in Sources */ = {isa = PBXBuildFile; fileRef = 8E01D8C626E1DD290044724E /* SceneDelegate.swift */; };
		8E01D8C926E1DD290044724E /* ViewController.swift in Sources */ = {isa = PBXBuildFile; fileRef = 8E01D8C826E1DD290044724E /* ViewController.swift */; };
		8E01D8CC26E1DD290044724E /* Main.storyboard in Resources */ = {isa = PBXBuildFile; fileRef = 8E01D8CA26E1DD290044724E /* Main.storyboard */; };
		8E01D8CE26E1DD2A0044724E /* Assets.xcassets in Resources */ = {isa = PBXBuildFile; fileRef = 8E01D8CD26E1DD2A0044724E /* Assets.xcassets */; };
		8E01D8D126E1DD2A0044724E /* LaunchScreen.storyboard in Resources */ = {isa = PBXBuildFile; fileRef = 8E01D8CF26E1DD2A0044724E /* LaunchScreen.storyboard */; };
		8E01D8DA26E1DFB90044724E /* VC1.swift in Sources */ = {isa = PBXBuildFile; fileRef = 8E01D8D926E1DFB90044724E /* VC1.swift */; };
		8E01D8DC26E1DFC50044724E /* VC2.swift in Sources */ = {isa = PBXBuildFile; fileRef = 8E01D8DB26E1DFC50044724E /* VC2.swift */; };
		8E01D8DE26E1DFD20044724E /* VC3.swift in Sources */ = {isa = PBXBuildFile; fileRef = 8E01D8DD26E1DFD10044724E /* VC3.swift */; };
		8E01D8E026E1DFDF0044724E /* VC4.swift in Sources */ = {isa = PBXBuildFile; fileRef = 8E01D8DF26E1DFDF0044724E /* VC4.swift */; };
		8E01D8E226E1E36C0044724E /* External.storyboard in Resources */ = {isa = PBXBuildFile; fileRef = 8E01D8E126E1E36C0044724E /* External.storyboard */; };
		8E01D8E726E1E7290044724E /* VCXIB.swift in Sources */ = {isa = PBXBuildFile; fileRef = 8E01D8E526E1E7290044724E /* VCXIB.swift */; };
		8E01D8E826E1E7290044724E /* VCXIB.xib in Resources */ = {isa = PBXBuildFile; fileRef = 8E01D8E626E1E7290044724E /* VCXIB.xib */; };
/* End PBXBuildFile section */

/* Begin PBXFileReference section */
		8E01D8C126E1DD290044724E /* NavigationControllerTutorial.app */ = {isa = PBXFileReference; explicitFileType = wrapper.application; includeInIndex = 0; path = NavigationControllerTutorial.app; sourceTree = BUILT_PRODUCTS_DIR; };
		8E01D8C426E1DD290044724E /* AppDelegate.swift */ = {isa = PBXFileReference; lastKnownFileType = sourcecode.swift; path = AppDelegate.swift; sourceTree = "<group>"; };
		8E01D8C626E1DD290044724E /* SceneDelegate.swift */ = {isa = PBXFileReference; lastKnownFileType = sourcecode.swift; path = SceneDelegate.swift; sourceTree = "<group>"; };
		8E01D8C826E1DD290044724E /* ViewController.swift */ = {isa = PBXFileReference; lastKnownFileType = sourcecode.swift; path = ViewController.swift; sourceTree = "<group>"; };
		8E01D8CB26E1DD290044724E /* Base */ = {isa = PBXFileReference; lastKnownFileType = file.storyboard; name = Base; path = Base.lproj/Main.storyboard; sourceTree = "<group>"; };
		8E01D8CD26E1DD2A0044724E /* Assets.xcassets */ = {isa = PBXFileReference; lastKnownFileType = folder.assetcatalog; path = Assets.xcassets; sourceTree = "<group>"; };
		8E01D8D026E1DD2A0044724E /* Base */ = {isa = PBXFileReference; lastKnownFileType = file.storyboard; name = Base; path = Base.lproj/LaunchScreen.storyboard; sourceTree = "<group>"; };
		8E01D8D226E1DD2A0044724E /* Info.plist */ = {isa = PBXFileReference; lastKnownFileType = text.plist.xml; path = Info.plist; sourceTree = "<group>"; };
		8E01D8D926E1DFB90044724E /* VC1.swift */ = {isa = PBXFileReference; lastKnownFileType = sourcecode.swift; path = VC1.swift; sourceTree = "<group>"; };
		8E01D8DB26E1DFC50044724E /* VC2.swift */ = {isa = PBXFileReference; lastKnownFileType = sourcecode.swift; path = VC2.swift; sourceTree = "<group>"; };
		8E01D8DD26E1DFD10044724E /* VC3.swift */ = {isa = PBXFileReference; lastKnownFileType = sourcecode.swift; path = VC3.swift; sourceTree = "<group>"; };
		8E01D8DF26E1DFDF0044724E /* VC4.swift */ = {isa = PBXFileReference; lastKnownFileType = sourcecode.swift; path = VC4.swift; sourceTree = "<group>"; };
		8E01D8E126E1E36C0044724E /* External.storyboard */ = {isa = PBXFileReference; lastKnownFileType = file.storyboard; path = External.storyboard; sourceTree = "<group>"; };
		8E01D8E526E1E7290044724E /* VCXIB.swift */ = {isa = PBXFileReference; lastKnownFileType = sourcecode.swift; path = VCXIB.swift; sourceTree = "<group>"; };
		8E01D8E626E1E7290044724E /* VCXIB.xib */ = {isa = PBXFileReference; lastKnownFileType = file.xib; path = VCXIB.xib; sourceTree = "<group>"; };
/* End PBXFileReference section */

/* Begin PBXFrameworksBuildPhase section */
		8E01D8BE26E1DD290044724E /* Frameworks */ = {
			isa = PBXFrameworksBuildPhase;
			buildActionMask = 2147483647;
			files = (
			);
			runOnlyForDeploymentPostprocessing = 0;
		};
/* End PBXFrameworksBuildPhase section */

/* Begin PBXGroup section */
		8E01D8B826E1DD290044724E = {
			isa = PBXGroup;
			children = (
				8E01D8C326E1DD290044724E /* NavigationControllerTutorial */,
				8E01D8C226E1DD290044724E /* Products */,
			);
			sourceTree = "<group>";
		};
		8E01D8C226E1DD290044724E /* Products */ = {
			isa = PBXGroup;
			children = (
				8E01D8C126E1DD290044724E /* NavigationControllerTutorial.app */,
			);
			name = Products;
			sourceTree = "<group>";
		};
		8E01D8C326E1DD290044724E /* NavigationControllerTutorial */ = {
			isa = PBXGroup;
			children = (
				8E01D8D826E1DF9F0044724E /* Controllers */,
				8E01D8C426E1DD290044724E /* AppDelegate.swift */,
				8E01D8C626E1DD290044724E /* SceneDelegate.swift */,
				8E01D8C826E1DD290044724E /* ViewController.swift */,
				8E01D8CA26E1DD290044724E /* Main.storyboard */,
				8E01D8CD26E1DD2A0044724E /* Assets.xcassets */,
				8E01D8CF26E1DD2A0044724E /* LaunchScreen.storyboard */,
				8E01D8D226E1DD2A0044724E /* Info.plist */,
			);
			path = NavigationControllerTutorial;
			sourceTree = "<group>";
		};
		8E01D8D826E1DF9F0044724E /* Controllers */ = {
			isa = PBXGroup;
			children = (
				8E01D8D926E1DFB90044724E /* VC1.swift */,
				8E01D8DB26E1DFC50044724E /* VC2.swift */,
				8E01D8DD26E1DFD10044724E /* VC3.swift */,
				8E01D8DF26E1DFDF0044724E /* VC4.swift */,
				8E01D8E126E1E36C0044724E /* External.storyboard */,
				8E01D8E526E1E7290044724E /* VCXIB.swift */,
				8E01D8E626E1E7290044724E /* VCXIB.xib */,
			);
			path = Controllers;
			sourceTree = "<group>";
		};
/* End PBXGroup section */

/* Begin PBXNativeTarget section */
		8E01D8C026E1DD290044724E /* NavigationControllerTutorial */ = {
			isa = PBXNativeTarget;
			buildConfigurationList = 8E01D8D526E1DD2A0044724E /* Build configuration list for PBXNativeTarget "NavigationControllerTutorial" */;
			buildPhases = (
				8E01D8BD26E1DD290044724E /* Sources */,
				8E01D8BE26E1DD290044724E /* Frameworks */,
				8E01D8BF26E1DD290044724E /* Resources */,
			);
			buildRules = (
			);
			dependencies = (
			);
			name = NavigationControllerTutorial;
			productName = NavigationControllerTutorial;
			productReference = 8E01D8C126E1DD290044724E /* NavigationControllerTutorial.app */;
			productType = "com.apple.product-type.application";
		};
/* End PBXNativeTarget section */

/* Begin PBXProject section */
		8E01D8B926E1DD290044724E /* Project object */ = {
			isa = PBXProject;
			attributes = {
				LastSwiftUpdateCheck = 1250;
				LastUpgradeCheck = 1250;
				TargetAttributes = {
					8E01D8C026E1DD290044724E = {
						CreatedOnToolsVersion = 12.5.1;
					};
				};
			};
			buildConfigurationList = 8E01D8BC26E1DD290044724E /* Build configuration list for PBXProject "NavigationControllerTutorial" */;
			compatibilityVersion = "Xcode 9.3";
			developmentRegion = en;
			hasScannedForEncodings = 0;
			knownRegions = (
				en,
				Base,
			);
			mainGroup = 8E01D8B826E1DD290044724E;
			productRefGroup = 8E01D8C226E1DD290044724E /* Products */;
			projectDirPath = "";
			projectRoot = "";
			targets = (
				8E01D8C026E1DD290044724E /* NavigationControllerTutorial */,
			);
		};
/* End PBXProject section */

/* Begin PBXResourcesBuildPhase section */
		8E01D8BF26E1DD290044724E /* Resources */ = {
			isa = PBXResourcesBuildPhase;
			buildActionMask = 2147483647;
			files = (
				8E01D8D126E1DD2A0044724E /* LaunchScreen.storyboard in Resources */,
				8E01D8E226E1E36C0044724E /* External.storyboard in Resources */,
				8E01D8E826E1E7290044724E /* VCXIB.xib in Resources */,
				8E01D8CE26E1DD2A0044724E /* Assets.xcassets in Resources */,
				8E01D8CC26E1DD290044724E /* Main.storyboard in Resources */,
			);
			runOnlyForDeploymentPostprocessing = 0;
		};
/* End PBXResourcesBuildPhase section */

/* Begin PBXSourcesBuildPhase section */
		8E01D8BD26E1DD290044724E /* Sources */ = {
			isa = PBXSourcesBuildPhase;
			buildActionMask = 2147483647;
			files = (
				8E01D8DE26E1DFD20044724E /* VC3.swift in Sources */,
				8E01D8C926E1DD290044724E /* ViewController.swift in Sources */,
				8E01D8E726E1E7290044724E /* VCXIB.swift in Sources */,
				8E01D8E026E1DFDF0044724E /* VC4.swift in Sources */,
				8E01D8C526E1DD290044724E /* AppDelegate.swift in Sources */,
				8E01D8DC26E1DFC50044724E /* VC2.swift in Sources */,
				8E01D8DA26E1DFB90044724E /* VC1.swift in Sources */,
				8E01D8C726E1DD290044724E /* SceneDelegate.swift in Sources */,
			);
			runOnlyForDeploymentPostprocessing = 0;
		};
/* End PBXSourcesBuildPhase section */

/* Begin PBXVariantGroup section */
		8E01D8CA26E1DD290044724E /* Main.storyboard */ = {
			isa = PBXVariantGroup;
			children = (
				8E01D8CB26E1DD290044724E /* Base */,
			);
			name = Main.storyboard;
			sourceTree = "<group>";
		};
		8E01D8CF26E1DD2A0044724E /* LaunchScreen.storyboard */ = {
			isa = PBXVariantGroup;
			children = (
				8E01D8D026E1DD2A0044724E /* Base */,
			);
			name = LaunchScreen.storyboard;
			sourceTree = "<group>";
		};
/* End PBXVariantGroup section */

/* Begin XCBuildConfiguration section */
		8E01D8D326E1DD2A0044724E /* Debug */ = {
			isa = XCBuildConfiguration;
			buildSettings = {
				ALWAYS_SEARCH_USER_PATHS = NO;
				CLANG_ANALYZER_NONNULL = YES;
				CLANG_ANALYZER_NUMBER_OBJECT_CONVERSION = YES_AGGRESSIVE;
				CLANG_CXX_LANGUAGE_STANDARD = "gnu++14";
				CLANG_CXX_LIBRARY = "libc++";
				CLANG_ENABLE_MODULES = YES;
				CLANG_ENABLE_OBJC_ARC = YES;
				CLANG_ENABLE_OBJC_WEAK = YES;
				CLANG_WARN_BLOCK_CAPTURE_AUTORELEASING = YES;
				CLANG_WARN_BOOL_CONVERSION = YES;
				CLANG_WARN_COMMA = YES;
				CLANG_WARN_CONSTANT_CONVERSION = YES;
				CLANG_WARN_DEPRECATED_OBJC_IMPLEMENTATIONS = YES;
				CLANG_WARN_DIRECT_OBJC_ISA_USAGE = YES_ERROR;
				CLANG_WARN_DOCUMENTATION_COMMENTS = YES;
				CLANG_WARN_EMPTY_BODY = YES;
				CLANG_WARN_ENUM_CONVERSION = YES;
				CLANG_WARN_INFINITE_RECURSION = YES;
				CLANG_WARN_INT_CONVERSION = YES;
				CLANG_WARN_NON_LITERAL_NULL_CONVERSION = YES;
				CLANG_WARN_OBJC_IMPLICIT_RETAIN_SELF = YES;
				CLANG_WARN_OBJC_LITERAL_CONVERSION = YES;
				CLANG_WARN_OBJC_ROOT_CLASS = YES_ERROR;
				CLANG_WARN_QUOTED_INCLUDE_IN_FRAMEWORK_HEADER = YES;
				CLANG_WARN_RANGE_LOOP_ANALYSIS = YES;
				CLANG_WARN_STRICT_PROTOTYPES = YES;
				CLANG_WARN_SUSPICIOUS_MOVE = YES;
				CLANG_WARN_UNGUARDED_AVAILABILITY = YES_AGGRESSIVE;
				CLANG_WARN_UNREACHABLE_CODE = YES;
				CLANG_WARN__DUPLICATE_METHOD_MATCH = YES;
				COPY_PHASE_STRIP = NO;
				DEBUG_INFORMATION_FORMAT = dwarf;
				ENABLE_STRICT_OBJC_MSGSEND = YES;
				ENABLE_TESTABILITY = YES;
				GCC_C_LANGUAGE_STANDARD = gnu11;
				GCC_DYNAMIC_NO_PIC = NO;
				GCC_NO_COMMON_BLOCKS = YES;
				GCC_OPTIMIZATION_LEVEL = 0;
				GCC_PREPROCESSOR_DEFINITIONS = (
					"DEBUG=1",
					"$(inherited)",
				);
				GCC_WARN_64_TO_32_BIT_CONVERSION = YES;
				GCC_WARN_ABOUT_RETURN_TYPE = YES_ERROR;
				GCC_WARN_UNDECLARED_SELECTOR = YES;
				GCC_WARN_UNINITIALIZED_AUTOS = YES_AGGRESSIVE;
				GCC_WARN_UNUSED_FUNCTION = YES;
				GCC_WARN_UNUSED_VARIABLE = YES;
				IPHONEOS_DEPLOYMENT_TARGET = 14.5;
				MTL_ENABLE_DEBUG_INFO = INCLUDE_SOURCE;
				MTL_FAST_MATH = YES;
				ONLY_ACTIVE_ARCH = YES;
				SDKROOT = iphoneos;
				SWIFT_ACTIVE_COMPILATION_CONDITIONS = DEBUG;
				SWIFT_OPTIMIZATION_LEVEL = "-Onone";
			};
			name = Debug;
		};
		8E01D8D426E1DD2A0044724E /* Release */ = {
			isa = XCBuildConfiguration;
			buildSettings = {
				ALWAYS_SEARCH_USER_PATHS = NO;
				CLANG_ANALYZER_NONNULL = YES;
				CLANG_ANALYZER_NUMBER_OBJECT_CONVERSION = YES_AGGRESSIVE;
				CLANG_CXX_LANGUAGE_STANDARD = "gnu++14";
				CLANG_CXX_LIBRARY = "libc++";
				CLANG_ENABLE_MODULES = YES;
				CLANG_ENABLE_OBJC_ARC = YES;
				CLANG_ENABLE_OBJC_WEAK = YES;
				CLANG_WARN_BLOCK_CAPTURE_AUTORELEASING = YES;
				CLANG_WARN_BOOL_CONVERSION = YES;
				CLANG_WARN_COMMA = YES;
				CLANG_WARN_CONSTANT_CONVERSION = YES;
				CLANG_WARN_DEPRECATED_OBJC_IMPLEMENTATIONS = YES;
				CLANG_WARN_DIRECT_OBJC_ISA_USAGE = YES_ERROR;
				CLANG_WARN_DOCUMENTATION_COMMENTS = YES;
				CLANG_WARN_EMPTY_BODY = YES;
				CLANG_WARN_ENUM_CONVERSION = YES;
				CLANG_WARN_INFINITE_RECURSION = YES;
				CLANG_WARN_INT_CONVERSION = YES;
				CLANG_WARN_NON_LITERAL_NULL_CONVERSION = YES;
				CLANG_WARN_OBJC_IMPLICIT_RETAIN_SELF = YES;
				CLANG_WARN_OBJC_LITERAL_CONVERSION = YES;
				CLANG_WARN_OBJC_ROOT_CLASS = YES_ERROR;
				CLANG_WARN_QUOTED_INCLUDE_IN_FRAMEWORK_HEADER = YES;
				CLANG_WARN_RANGE_LOOP_ANALYSIS = YES;
				CLANG_WARN_STRICT_PROTOTYPES = YES;
				CLANG_WARN_SUSPICIOUS_MOVE = YES;
				CLANG_WARN_UNGUARDED_AVAILABILITY = YES_AGGRESSIVE;
				CLANG_WARN_UNREACHABLE_CODE = YES;
				CLANG_WARN__DUPLICATE_METHOD_MATCH = YES;
				COPY_PHASE_STRIP = NO;
				DEBUG_INFORMATION_FORMAT = "dwarf-with-dsym";
				ENABLE_NS_ASSERTIONS = NO;
				ENABLE_STRICT_OBJC_MSGSEND = YES;
				GCC_C_LANGUAGE_STANDARD = gnu11;
				GCC_NO_COMMON_BLOCKS = YES;
				GCC_WARN_64_TO_32_BIT_CONVERSION = YES;
				GCC_WARN_ABOUT_RETURN_TYPE = YES_ERROR;
				GCC_WARN_UNDECLARED_SELECTOR = YES;
				GCC_WARN_UNINITIALIZED_AUTOS = YES_AGGRESSIVE;
				GCC_WARN_UNUSED_FUNCTION = YES;
				GCC_WARN_UNUSED_VARIABLE = YES;
				IPHONEOS_DEPLOYMENT_TARGET = 14.5;
				MTL_ENABLE_DEBUG_INFO = NO;
				MTL_FAST_MATH = YES;
				SDKROOT = iphoneos;
				SWIFT_COMPILATION_MODE = wholemodule;
				SWIFT_OPTIMIZATION_LEVEL = "-O";
				VALIDATE_PRODUCT = YES;
			};
			name = Release;
		};
		8E01D8D626E1DD2A0044724E /* Debug */ = {
			isa = XCBuildConfiguration;
			buildSettings = {
				ASSETCATALOG_COMPILER_APPICON_NAME = AppIcon;
				ASSETCATALOG_COMPILER_GLOBAL_ACCENT_COLOR_NAME = AccentColor;
				CODE_SIGN_STYLE = Automatic;
				DEVELOPMENT_TEAM = Z6247PH2JQ;
				INFOPLIST_FILE = NavigationControllerTutorial/Info.plist;
				LD_RUNPATH_SEARCH_PATHS = (
					"$(inherited)",
					"@executable_path/Frameworks",
				);
				PRODUCT_BUNDLE_IDENTIFIER = com.victorroldan.NavigationControllerTutorial;
				PRODUCT_NAME = "$(TARGET_NAME)";
				SWIFT_VERSION = 5.0;
				TARGETED_DEVICE_FAMILY = "1,2";
			};
			name = Debug;
		};
		8E01D8D726E1DD2A0044724E /* Release */ = {
			isa = XCBuildConfiguration;
			buildSettings = {
				ASSETCATALOG_COMPILER_APPICON_NAME = AppIcon;
				ASSETCATALOG_COMPILER_GLOBAL_ACCENT_COLOR_NAME = AccentColor;
				CODE_SIGN_STYLE = Automatic;
				DEVELOPMENT_TEAM = Z6247PH2JQ;
				INFOPLIST_FILE = NavigationControllerTutorial/Info.plist;
				LD_RUNPATH_SEARCH_PATHS = (
					"$(inherited)",
					"@executable_path/Frameworks",
				);
				PRODUCT_BUNDLE_IDENTIFIER = com.victorroldan.NavigationControllerTutorial;
				PRODUCT_NAME = "$(TARGET_NAME)";
				SWIFT_VERSION = 5.0;
				TARGETED_DEVICE_FAMILY = "1,2";
			};
			name = Release;
		};
/* End XCBuildConfiguration section */

/* Begin XCConfigurationList section */
		8E01D8BC26E1DD290044724E /* Build configuration list for PBXProject "NavigationControllerTutorial" */ = {
			isa = XCConfigurationList;
			buildConfigurations = (
				8E01D8D326E1DD2A0044724E /* Debug */,
				8E01D8D426E1DD2A0044724E /* Release */,
			);
			defaultConfigurationIsVisible = 0;
			defaultConfigurationName = Release;
		};
		8E01D8D526E1DD2A0044724E /* Build configuration list for PBXNativeTarget "NavigationControllerTutorial" */ = {
			isa = XCConfigurationList;
			buildConfigurations = (
				8E01D8D626E1DD2A0044724E /* Debug */,
				8E01D8D726E1DD2A0044724E /* Release */,
			);
			defaultConfigurationIsVisible = 0;
			defaultConfigurationName = Release;
		};
/* End XCConfigurationList section */
	};
	rootObject = 8E01D8B926E1DD290044724E /* Project object */;
}
